
Microsoft Visual Studio Solution File, Format Version 12.00
# Visual Studio Version 17
VisualStudioVersion = 17.4.33403.182
MinimumVisualStudioVersion = 10.0.40219.1
Project("{9A19103F-16F7-4668-BE54-9A1E7A4F7556}") = "CountryLibrary", "CountryLibrary\CountryLibrary.csproj", "{74277036-9675-40F5-99C6-5B9A45ADC232}"
EndProject
Project("{FAE04EC0-301F-11D3-BF4B-00C04F79EFBC}") = "CountryLibrary.Test", "CountryLibrary.Test\CountryLibrary.Test.csproj", "{8183C0F5-0F47-47F9-93F6-81837CE2A162}"
EndProject
Global
	GlobalSection(SolutionConfigurationPlatforms) = preSolution
		Debug|Any CPU = Debug|Any CPU
		Release|Any CPU = Release|Any CPU
	EndGlobalSection
	GlobalSection(ProjectConfigurationPlatforms) = postSolution
		{74277036-9675-40F5-99C6-5B9A45ADC232}.Debug|Any CPU.ActiveCfg = Debug|Any CPU
		{74277036-9675-40F5-99C6-5B9A45ADC232}.Debug|Any CPU.Build.0 = Debug|Any CPU
		{74277036-9675-40F5-99C6-5B9A45ADC232}.Release|Any CPU.ActiveCfg = Release|Any CPU
		{74277036-9675-40F5-99C6-5B9A45ADC232}.Release|Any CPU.Build.0 = Release|Any CPU
		{8183C0F5-0F47-47F9-93F6-81837CE2A162}.Debug|Any CPU.ActiveCfg = Debug|Any CPU
		{8183C0F5-0F47-47F9-93F6-81837CE2A162}.Debug|Any CPU.Build.0 = Debug|Any CPU
		{8183C0F5-0F47-47F9-93F6-81837CE2A162}.Release|Any CPU.ActiveCfg = Release|Any CPU
		{8183C0F5-0F47-47F9-93F6-81837CE2A162}.Release|Any CPU.Build.0 = Release|Any CPU
	EndGlobalSection
	GlobalSection(SolutionProperties) = preSolution
		HideSolutionNode = FALSE
	EndGlobalSection
	GlobalSection(ExtensibilityGlobals) = postSolution
		SolutionGuid = {C817AFE8-9CFE-4FED-8EA1-7AA6C1ADB1FF}
	EndGlobalSection
EndGlobal
